
Microsoft Visual Studio Solution File, Format Version 11.00
# Visual Studio 2010
Project("{FAE04EC0-301F-11D3-BF4B-00C04F79EFBC}") = "FireFighter", "Assembly-CSharp.csproj", "{D9F76C39-C6AE-C5EC-7CDC-921E97E634B3}"
EndProject
Project("{FAE04EC0-301F-11D3-BF4B-00C04F79EFBC}") = "FireFighter", "Assembly-CSharp-Editor.csproj", "{BEA8749C-1926-67D4-A5AD-B96702C83D5B}"
EndProject
Global
	GlobalSection(SolutionConfigurationPlatforms) = preSolution
		Debug|Any CPU = Debug|Any CPU
		Release|Any CPU = Release|Any CPU
	EndGlobalSection
	GlobalSection(ProjectConfigurationPlatforms) = postSolution
		{D9F76C39-C6AE-C5EC-7CDC-921E97E634B3}.Debug|Any CPU.ActiveCfg = Debug|Any CPU
		{D9F76C39-C6AE-C5EC-7CDC-921E97E634B3}.Debug|Any CPU.Build.0 = Debug|Any CPU
		{D9F76C39-C6AE-C5EC-7CDC-921E97E634B3}.Release|Any CPU.ActiveCfg = Release|Any CPU
		{D9F76C39-C6AE-C5EC-7CDC-921E97E634B3}.Release|Any CPU.Build.0 = Release|Any CPU
		{BEA8749C-1926-67D4-A5AD-B96702C83D5B}.Debug|Any CPU.ActiveCfg = Debug|Any CPU
		{BEA8749C-1926-67D4-A5AD-B96702C83D5B}.Debug|Any CPU.Build.0 = Debug|Any CPU
		{BEA8749C-1926-67D4-A5AD-B96702C83D5B}.Release|Any CPU.ActiveCfg = Release|Any CPU
		{BEA8749C-1926-67D4-A5AD-B96702C83D5B}.Release|Any CPU.Build.0 = Release|Any CPU
	EndGlobalSection
	GlobalSection(SolutionProperties) = preSolution
		HideSolutionNode = FALSE
	EndGlobalSection
	GlobalSection(MonoDevelopProperties) = preSolution
		StartupItem = Assembly-CSharp.csproj
	EndGlobalSection
EndGlobal
