
Microsoft Visual Studio Solution File, Format Version 11.00
# Visual Studio 2010
Project("{FAE04EC0-301F-11D3-BF4B-00C04F79EFBC}") = "firefighter", "Assembly-CSharp.csproj", "{D4053B80-3220-DADD-AF6A-4298E661765B}"
EndProject
Project("{FAE04EC0-301F-11D3-BF4B-00C04F79EFBC}") = "firefighter", "Assembly-CSharp-firstpass.csproj", "{BEBA8C05-52AC-5FAB-9E13-E4F56D9DF5DE}"
EndProject
Project("{FAE04EC0-301F-11D3-BF4B-00C04F79EFBC}") = "firefighter", "Assembly-CSharp-Editor-firstpass.csproj", "{05CB2101-C178-F1BA-8CF9-22366C87A25C}"
EndProject
Global
	GlobalSection(SolutionConfigurationPlatforms) = preSolution
		Debug|Any CPU = Debug|Any CPU
		Release|Any CPU = Release|Any CPU
	EndGlobalSection
	GlobalSection(ProjectConfigurationPlatforms) = postSolution
		{D4053B80-3220-DADD-AF6A-4298E661765B}.Debug|Any CPU.ActiveCfg = Debug|Any CPU
		{D4053B80-3220-DADD-AF6A-4298E661765B}.Debug|Any CPU.Build.0 = Debug|Any CPU
		{D4053B80-3220-DADD-AF6A-4298E661765B}.Release|Any CPU.ActiveCfg = Release|Any CPU
		{D4053B80-3220-DADD-AF6A-4298E661765B}.Release|Any CPU.Build.0 = Release|Any CPU
		{BEBA8C05-52AC-5FAB-9E13-E4F56D9DF5DE}.Debug|Any CPU.ActiveCfg = Debug|Any CPU
		{BEBA8C05-52AC-5FAB-9E13-E4F56D9DF5DE}.Debug|Any CPU.Build.0 = Debug|Any CPU
		{BEBA8C05-52AC-5FAB-9E13-E4F56D9DF5DE}.Release|Any CPU.ActiveCfg = Release|Any CPU
		{BEBA8C05-52AC-5FAB-9E13-E4F56D9DF5DE}.Release|Any CPU.Build.0 = Release|Any CPU
		{05CB2101-C178-F1BA-8CF9-22366C87A25C}.Debug|Any CPU.ActiveCfg = Debug|Any CPU
		{05CB2101-C178-F1BA-8CF9-22366C87A25C}.Debug|Any CPU.Build.0 = Debug|Any CPU
		{05CB2101-C178-F1BA-8CF9-22366C87A25C}.Release|Any CPU.ActiveCfg = Release|Any CPU
		{05CB2101-C178-F1BA-8CF9-22366C87A25C}.Release|Any CPU.Build.0 = Release|Any CPU
	EndGlobalSection
	GlobalSection(SolutionProperties) = preSolution
		HideSolutionNode = FALSE
	EndGlobalSection
	GlobalSection(MonoDevelopProperties) = preSolution
		StartupItem = Assembly-CSharp.csproj
	EndGlobalSection
EndGlobal
