
Microsoft Visual Studio Solution File, Format Version 11.00
# Visual Studio 2010
Project("{FAE04EC0-301F-11D3-BF4B-00C04F79EFBC}") = "firefighter", "Assembly-CSharp.csproj", "{D4053B80-3220-DADD-AF6A-4298E661765B}"
EndProject
Project("{FAE04EC0-301F-11D3-BF4B-00C04F79EFBC}") = "firefighter", "Assembly-CSharp-Editor.csproj", "{ECCBE6EB-E398-0D14-65B5-BA62D4B983EA}"
EndProject
Global
	GlobalSection(SolutionConfigurationPlatforms) = preSolution
		Debug|Any CPU = Debug|Any CPU
		Release|Any CPU = Release|Any CPU
	EndGlobalSection
	GlobalSection(ProjectConfigurationPlatforms) = postSolution
		{D4053B80-3220-DADD-AF6A-4298E661765B}.Debug|Any CPU.ActiveCfg = Debug|Any CPU
		{D4053B80-3220-DADD-AF6A-4298E661765B}.Debug|Any CPU.Build.0 = Debug|Any CPU
		{D4053B80-3220-DADD-AF6A-4298E661765B}.Release|Any CPU.ActiveCfg = Release|Any CPU
		{D4053B80-3220-DADD-AF6A-4298E661765B}.Release|Any CPU.Build.0 = Release|Any CPU
		{ECCBE6EB-E398-0D14-65B5-BA62D4B983EA}.Debug|Any CPU.ActiveCfg = Debug|Any CPU
		{ECCBE6EB-E398-0D14-65B5-BA62D4B983EA}.Debug|Any CPU.Build.0 = Debug|Any CPU
		{ECCBE6EB-E398-0D14-65B5-BA62D4B983EA}.Release|Any CPU.ActiveCfg = Release|Any CPU
		{ECCBE6EB-E398-0D14-65B5-BA62D4B983EA}.Release|Any CPU.Build.0 = Release|Any CPU
	EndGlobalSection
	GlobalSection(SolutionProperties) = preSolution
		HideSolutionNode = FALSE
	EndGlobalSection
	GlobalSection(MonoDevelopProperties) = preSolution
		StartupItem = Assembly-CSharp.csproj
	EndGlobalSection
EndGlobal
